
Microsoft Visual Studio Solution File, Format Version 12.00
# Visual Studio Version 17
VisualStudioVersion = 17.13.35828.75
MinimumVisualStudioVersion = 10.0.40219.1
Project("{FAE04EC0-301F-11D3-BF4B-00C04F79EFBC}") = "MailFlow.API", "MailFlow.API\MailFlow.API.csproj", "{4E7D87BB-6063-41EC-8A3E-E511724D8D79}"
EndProject
Project("{FAE04EC0-301F-11D3-BF4B-00C04F79EFBC}") = "Entities", "Entities\Entities.csproj", "{600A7C53-232F-4987-A857-936B612315BB}"
EndProject
Project("{FAE04EC0-301F-11D3-BF4B-00C04F79EFBC}") = "Repository", "Repository\Repository.csproj", "{126775C3-9E2C-4CFC-8DBA-904ED32D6F1B}"
EndProject
Project("{FAE04EC0-301F-11D3-BF4B-00C04F79EFBC}") = "Contracts", "Contracts\Contracts.csproj", "{DA538F55-0C3E-4E05-947E-408885FB3FB9}"
EndProject
Project("{FAE04EC0-301F-11D3-BF4B-00C04F79EFBC}") = "Service.Contracts", "Service.Contracts\Service.Contracts.csproj", "{F9DCEF6A-EA17-4633-8DB3-AD263B2E372E}"
EndProject
Project("{FAE04EC0-301F-11D3-BF4B-00C04F79EFBC}") = "Service", "Service\Service.csproj", "{FA883B3A-06CC-4545-9B50-85FDE39CE668}"
EndProject
Global
	GlobalSection(SolutionConfigurationPlatforms) = preSolution
		Debug|Any CPU = Debug|Any CPU
		Release|Any CPU = Release|Any CPU
	EndGlobalSection
	GlobalSection(ProjectConfigurationPlatforms) = postSolution
		{4E7D87BB-6063-41EC-8A3E-E511724D8D79}.Debug|Any CPU.ActiveCfg = Debug|Any CPU
		{4E7D87BB-6063-41EC-8A3E-E511724D8D79}.Debug|Any CPU.Build.0 = Debug|Any CPU
		{4E7D87BB-6063-41EC-8A3E-E511724D8D79}.Release|Any CPU.ActiveCfg = Release|Any CPU
		{4E7D87BB-6063-41EC-8A3E-E511724D8D79}.Release|Any CPU.Build.0 = Release|Any CPU
		{600A7C53-232F-4987-A857-936B612315BB}.Debug|Any CPU.ActiveCfg = Debug|Any CPU
		{600A7C53-232F-4987-A857-936B612315BB}.Debug|Any CPU.Build.0 = Debug|Any CPU
		{600A7C53-232F-4987-A857-936B612315BB}.Release|Any CPU.ActiveCfg = Release|Any CPU
		{600A7C53-232F-4987-A857-936B612315BB}.Release|Any CPU.Build.0 = Release|Any CPU
		{126775C3-9E2C-4CFC-8DBA-904ED32D6F1B}.Debug|Any CPU.ActiveCfg = Debug|Any CPU
		{126775C3-9E2C-4CFC-8DBA-904ED32D6F1B}.Debug|Any CPU.Build.0 = Debug|Any CPU
		{126775C3-9E2C-4CFC-8DBA-904ED32D6F1B}.Release|Any CPU.ActiveCfg = Release|Any CPU
		{126775C3-9E2C-4CFC-8DBA-904ED32D6F1B}.Release|Any CPU.Build.0 = Release|Any CPU
		{DA538F55-0C3E-4E05-947E-408885FB3FB9}.Debug|Any CPU.ActiveCfg = Debug|Any CPU
		{DA538F55-0C3E-4E05-947E-408885FB3FB9}.Debug|Any CPU.Build.0 = Debug|Any CPU
		{DA538F55-0C3E-4E05-947E-408885FB3FB9}.Release|Any CPU.ActiveCfg = Release|Any CPU
		{DA538F55-0C3E-4E05-947E-408885FB3FB9}.Release|Any CPU.Build.0 = Release|Any CPU
		{F9DCEF6A-EA17-4633-8DB3-AD263B2E372E}.Debug|Any CPU.ActiveCfg = Debug|Any CPU
		{F9DCEF6A-EA17-4633-8DB3-AD263B2E372E}.Debug|Any CPU.Build.0 = Debug|Any CPU
		{F9DCEF6A-EA17-4633-8DB3-AD263B2E372E}.Release|Any CPU.ActiveCfg = Release|Any CPU
		{F9DCEF6A-EA17-4633-8DB3-AD263B2E372E}.Release|Any CPU.Build.0 = Release|Any CPU
		{FA883B3A-06CC-4545-9B50-85FDE39CE668}.Debug|Any CPU.ActiveCfg = Debug|Any CPU
		{FA883B3A-06CC-4545-9B50-85FDE39CE668}.Debug|Any CPU.Build.0 = Debug|Any CPU
		{FA883B3A-06CC-4545-9B50-85FDE39CE668}.Release|Any CPU.ActiveCfg = Release|Any CPU
		{FA883B3A-06CC-4545-9B50-85FDE39CE668}.Release|Any CPU.Build.0 = Release|Any CPU
	EndGlobalSection
	GlobalSection(SolutionProperties) = preSolution
		HideSolutionNode = FALSE
	EndGlobalSection
	GlobalSection(ExtensibilityGlobals) = postSolution
		SolutionGuid = {A49B277B-BD82-4FBA-BAF5-803438D4C703}
	EndGlobalSection
EndGlobal
